
Microsoft Visual Studio Solution File, Format Version 12.00
# Visual Studio Version 17
VisualStudioVersion = 17.7.34221.43
MinimumVisualStudioVersion = 10.0.40219.1
Project("{9A19103F-16F7-4668-BE54-9A1E7A4F7556}") = "TMS_Auto", "TMS_Auto\TMS_Auto.csproj", "{4354BB69-C55E-4903-84A0-F1ACC9FB1F1E}"
EndProject
Project("{9A19103F-16F7-4668-BE54-9A1E7A4F7556}") = "Collections", "Collections\Collections.csproj", "{4E71EE12-D005-4E85-B5AF-A14A64D84BD9}"
EndProject
Project("{9A19103F-16F7-4668-BE54-9A1E7A4F7556}") = "Task81", "Task81\Task81.csproj", "{2A0858AB-789E-48C0-BC59-3982B2ED92E5}"
EndProject
Project("{FAE04EC0-301F-11D3-BF4B-00C04F79EFBC}") = "Task82", "Task82\Task82.csproj", "{6D2D81B4-E1D9-49F8-8B47-6E5B4D96BC1B}"
EndProject
Project("{FAE04EC0-301F-11D3-BF4B-00C04F79EFBC}") = "Task83", "Task83\Task83.csproj", "{40A3F536-BE3E-4DBA-9C81-E66D6243C760}"
EndProject
Global
	GlobalSection(SolutionConfigurationPlatforms) = preSolution
		Debug|Any CPU = Debug|Any CPU
		Release|Any CPU = Release|Any CPU
	EndGlobalSection
	GlobalSection(ProjectConfigurationPlatforms) = postSolution
		{4354BB69-C55E-4903-84A0-F1ACC9FB1F1E}.Debug|Any CPU.ActiveCfg = Debug|Any CPU
		{4354BB69-C55E-4903-84A0-F1ACC9FB1F1E}.Debug|Any CPU.Build.0 = Debug|Any CPU
		{4354BB69-C55E-4903-84A0-F1ACC9FB1F1E}.Release|Any CPU.ActiveCfg = Release|Any CPU
		{4354BB69-C55E-4903-84A0-F1ACC9FB1F1E}.Release|Any CPU.Build.0 = Release|Any CPU
		{4E71EE12-D005-4E85-B5AF-A14A64D84BD9}.Debug|Any CPU.ActiveCfg = Debug|Any CPU
		{4E71EE12-D005-4E85-B5AF-A14A64D84BD9}.Debug|Any CPU.Build.0 = Debug|Any CPU
		{4E71EE12-D005-4E85-B5AF-A14A64D84BD9}.Release|Any CPU.ActiveCfg = Release|Any CPU
		{4E71EE12-D005-4E85-B5AF-A14A64D84BD9}.Release|Any CPU.Build.0 = Release|Any CPU
		{2A0858AB-789E-48C0-BC59-3982B2ED92E5}.Debug|Any CPU.ActiveCfg = Debug|Any CPU
		{2A0858AB-789E-48C0-BC59-3982B2ED92E5}.Debug|Any CPU.Build.0 = Debug|Any CPU
		{2A0858AB-789E-48C0-BC59-3982B2ED92E5}.Release|Any CPU.ActiveCfg = Release|Any CPU
		{2A0858AB-789E-48C0-BC59-3982B2ED92E5}.Release|Any CPU.Build.0 = Release|Any CPU
		{6D2D81B4-E1D9-49F8-8B47-6E5B4D96BC1B}.Debug|Any CPU.ActiveCfg = Debug|Any CPU
		{6D2D81B4-E1D9-49F8-8B47-6E5B4D96BC1B}.Debug|Any CPU.Build.0 = Debug|Any CPU
		{6D2D81B4-E1D9-49F8-8B47-6E5B4D96BC1B}.Release|Any CPU.ActiveCfg = Release|Any CPU
		{6D2D81B4-E1D9-49F8-8B47-6E5B4D96BC1B}.Release|Any CPU.Build.0 = Release|Any CPU
		{40A3F536-BE3E-4DBA-9C81-E66D6243C760}.Debug|Any CPU.ActiveCfg = Debug|Any CPU
		{40A3F536-BE3E-4DBA-9C81-E66D6243C760}.Debug|Any CPU.Build.0 = Debug|Any CPU
		{40A3F536-BE3E-4DBA-9C81-E66D6243C760}.Release|Any CPU.ActiveCfg = Release|Any CPU
		{40A3F536-BE3E-4DBA-9C81-E66D6243C760}.Release|Any CPU.Build.0 = Release|Any CPU
	EndGlobalSection
	GlobalSection(SolutionProperties) = preSolution
		HideSolutionNode = FALSE
	EndGlobalSection
	GlobalSection(ExtensibilityGlobals) = postSolution
		SolutionGuid = {DFB50D64-E36A-4436-964C-BB9D9AEFFF3B}
	EndGlobalSection
EndGlobal
