
Microsoft Visual Studio Solution File, Format Version 12.00
# Visual Studio Version 17
VisualStudioVersion = 17.7.34221.43
MinimumVisualStudioVersion = 10.0.40219.1
Project("{9A19103F-16F7-4668-BE54-9A1E7A4F7556}") = "TMS_Auto", "TMS_Auto\TMS_Auto.csproj", "{4354BB69-C55E-4903-84A0-F1ACC9FB1F1E}"
EndProject
Project("{9A19103F-16F7-4668-BE54-9A1E7A4F7556}") = "Exceptions", "Exceptions\Exceptions.csproj", "{B8B2BAD9-D4DB-4174-B164-13A24380A7AB}"
EndProject
Project("{FAE04EC0-301F-11D3-BF4B-00C04F79EFBC}") = "Task71", "Task71\Task71.csproj", "{43DE312F-A6BF-4D07-B04B-BB787B02387E}"
EndProject
Project("{FAE04EC0-301F-11D3-BF4B-00C04F79EFBC}") = "Task72", "Task72\Task72.csproj", "{378CCAB9-6F5E-401F-B9DA-CB174A631BD0}"
EndProject
Global
	GlobalSection(SolutionConfigurationPlatforms) = preSolution
		Debug|Any CPU = Debug|Any CPU
		Release|Any CPU = Release|Any CPU
	EndGlobalSection
	GlobalSection(ProjectConfigurationPlatforms) = postSolution
		{4354BB69-C55E-4903-84A0-F1ACC9FB1F1E}.Debug|Any CPU.ActiveCfg = Debug|Any CPU
		{4354BB69-C55E-4903-84A0-F1ACC9FB1F1E}.Debug|Any CPU.Build.0 = Debug|Any CPU
		{4354BB69-C55E-4903-84A0-F1ACC9FB1F1E}.Release|Any CPU.ActiveCfg = Release|Any CPU
		{4354BB69-C55E-4903-84A0-F1ACC9FB1F1E}.Release|Any CPU.Build.0 = Release|Any CPU
		{B8B2BAD9-D4DB-4174-B164-13A24380A7AB}.Debug|Any CPU.ActiveCfg = Debug|Any CPU
		{B8B2BAD9-D4DB-4174-B164-13A24380A7AB}.Debug|Any CPU.Build.0 = Debug|Any CPU
		{B8B2BAD9-D4DB-4174-B164-13A24380A7AB}.Release|Any CPU.ActiveCfg = Release|Any CPU
		{B8B2BAD9-D4DB-4174-B164-13A24380A7AB}.Release|Any CPU.Build.0 = Release|Any CPU
		{43DE312F-A6BF-4D07-B04B-BB787B02387E}.Debug|Any CPU.ActiveCfg = Debug|Any CPU
		{43DE312F-A6BF-4D07-B04B-BB787B02387E}.Debug|Any CPU.Build.0 = Debug|Any CPU
		{43DE312F-A6BF-4D07-B04B-BB787B02387E}.Release|Any CPU.ActiveCfg = Release|Any CPU
		{43DE312F-A6BF-4D07-B04B-BB787B02387E}.Release|Any CPU.Build.0 = Release|Any CPU
		{378CCAB9-6F5E-401F-B9DA-CB174A631BD0}.Debug|Any CPU.ActiveCfg = Debug|Any CPU
		{378CCAB9-6F5E-401F-B9DA-CB174A631BD0}.Debug|Any CPU.Build.0 = Debug|Any CPU
		{378CCAB9-6F5E-401F-B9DA-CB174A631BD0}.Release|Any CPU.ActiveCfg = Release|Any CPU
		{378CCAB9-6F5E-401F-B9DA-CB174A631BD0}.Release|Any CPU.Build.0 = Release|Any CPU
	EndGlobalSection
	GlobalSection(SolutionProperties) = preSolution
		HideSolutionNode = FALSE
	EndGlobalSection
	GlobalSection(ExtensibilityGlobals) = postSolution
		SolutionGuid = {DFB50D64-E36A-4436-964C-BB9D9AEFFF3B}
	EndGlobalSection
EndGlobal
