
Microsoft Visual Studio Solution File, Format Version 12.00
# Visual Studio Version 17
VisualStudioVersion = 17.7.34221.43
MinimumVisualStudioVersion = 10.0.40219.1
Project("{9A19103F-16F7-4668-BE54-9A1E7A4F7556}") = "CoreProject", "CoreProject\CoreProject.csproj", "{D72CEE66-F1AF-4FCE-9377-A5FE4506587B}"
EndProject
Project("{9A19103F-16F7-4668-BE54-9A1E7A4F7556}") = "SpecFlowTestProject", "SpecFlowTestProject\SpecFlowTestProject.csproj", "{D493DA93-2DCF-4255-A129-649484C3F30C}"
EndProject
Project("{9A19103F-16F7-4668-BE54-9A1E7A4F7556}") = "ComplexSelenium.Specs", "ComplexSelenium.Specs\ComplexSelenium.Specs.csproj", "{00C1BBD8-0A7A-4687-8DDE-559F299FB38D}"
EndProject
Project("{9A19103F-16F7-4668-BE54-9A1E7A4F7556}") = "AdvancedSpecFlowProject", "AdvancedSpecFlowProject\AdvancedSpecFlowProject.csproj", "{92CF9331-B081-4C2B-B3D2-9D27EFAF773B}"
EndProject
Project("{9A19103F-16F7-4668-BE54-9A1E7A4F7556}") = "SaucedemoBDDv2", "SaucedemoBDDv2\SaucedemoBDDv2.csproj", "{5EAA52F6-2415-45F8-B523-25660A1385CC}"
EndProject
Project("{9A19103F-16F7-4668-BE54-9A1E7A4F7556}") = "SaucedemoCore", "SaucedemoCore\SaucedemoCore.csproj", "{7C1D443A-9284-4770-8BBB-61B593EE8BAB}"
EndProject
Project("{9A19103F-16F7-4668-BE54-9A1E7A4F7556}") = "TestRailBDD", "TestRailBDD\TestRailBDD.csproj", "{75081C94-F0C2-43C7-99F4-E2F236072160}"
EndProject
Project("{9A19103F-16F7-4668-BE54-9A1E7A4F7556}") = "TestRailCore", "TestRailCore\TestRailCore.csproj", "{5548DCE0-7B76-4A2A-8B79-B1A22AACC137}"
EndProject
Global
	GlobalSection(SolutionConfigurationPlatforms) = preSolution
		Debug|Any CPU = Debug|Any CPU
		Release|Any CPU = Release|Any CPU
	EndGlobalSection
	GlobalSection(ProjectConfigurationPlatforms) = postSolution
		{D72CEE66-F1AF-4FCE-9377-A5FE4506587B}.Debug|Any CPU.ActiveCfg = Debug|Any CPU
		{D72CEE66-F1AF-4FCE-9377-A5FE4506587B}.Debug|Any CPU.Build.0 = Debug|Any CPU
		{D72CEE66-F1AF-4FCE-9377-A5FE4506587B}.Release|Any CPU.ActiveCfg = Release|Any CPU
		{D72CEE66-F1AF-4FCE-9377-A5FE4506587B}.Release|Any CPU.Build.0 = Release|Any CPU
		{D493DA93-2DCF-4255-A129-649484C3F30C}.Debug|Any CPU.ActiveCfg = Debug|Any CPU
		{D493DA93-2DCF-4255-A129-649484C3F30C}.Debug|Any CPU.Build.0 = Debug|Any CPU
		{D493DA93-2DCF-4255-A129-649484C3F30C}.Release|Any CPU.ActiveCfg = Release|Any CPU
		{D493DA93-2DCF-4255-A129-649484C3F30C}.Release|Any CPU.Build.0 = Release|Any CPU
		{00C1BBD8-0A7A-4687-8DDE-559F299FB38D}.Debug|Any CPU.ActiveCfg = Debug|Any CPU
		{00C1BBD8-0A7A-4687-8DDE-559F299FB38D}.Debug|Any CPU.Build.0 = Debug|Any CPU
		{00C1BBD8-0A7A-4687-8DDE-559F299FB38D}.Release|Any CPU.ActiveCfg = Release|Any CPU
		{00C1BBD8-0A7A-4687-8DDE-559F299FB38D}.Release|Any CPU.Build.0 = Release|Any CPU
		{92CF9331-B081-4C2B-B3D2-9D27EFAF773B}.Debug|Any CPU.ActiveCfg = Debug|Any CPU
		{92CF9331-B081-4C2B-B3D2-9D27EFAF773B}.Debug|Any CPU.Build.0 = Debug|Any CPU
		{92CF9331-B081-4C2B-B3D2-9D27EFAF773B}.Release|Any CPU.ActiveCfg = Release|Any CPU
		{92CF9331-B081-4C2B-B3D2-9D27EFAF773B}.Release|Any CPU.Build.0 = Release|Any CPU
		{5EAA52F6-2415-45F8-B523-25660A1385CC}.Debug|Any CPU.ActiveCfg = Debug|Any CPU
		{5EAA52F6-2415-45F8-B523-25660A1385CC}.Debug|Any CPU.Build.0 = Debug|Any CPU
		{5EAA52F6-2415-45F8-B523-25660A1385CC}.Release|Any CPU.ActiveCfg = Release|Any CPU
		{5EAA52F6-2415-45F8-B523-25660A1385CC}.Release|Any CPU.Build.0 = Release|Any CPU
		{7C1D443A-9284-4770-8BBB-61B593EE8BAB}.Debug|Any CPU.ActiveCfg = Debug|Any CPU
		{7C1D443A-9284-4770-8BBB-61B593EE8BAB}.Debug|Any CPU.Build.0 = Debug|Any CPU
		{7C1D443A-9284-4770-8BBB-61B593EE8BAB}.Release|Any CPU.ActiveCfg = Release|Any CPU
		{7C1D443A-9284-4770-8BBB-61B593EE8BAB}.Release|Any CPU.Build.0 = Release|Any CPU
		{75081C94-F0C2-43C7-99F4-E2F236072160}.Debug|Any CPU.ActiveCfg = Debug|Any CPU
		{75081C94-F0C2-43C7-99F4-E2F236072160}.Debug|Any CPU.Build.0 = Debug|Any CPU
		{75081C94-F0C2-43C7-99F4-E2F236072160}.Release|Any CPU.ActiveCfg = Release|Any CPU
		{75081C94-F0C2-43C7-99F4-E2F236072160}.Release|Any CPU.Build.0 = Release|Any CPU
		{5548DCE0-7B76-4A2A-8B79-B1A22AACC137}.Debug|Any CPU.ActiveCfg = Debug|Any CPU
		{5548DCE0-7B76-4A2A-8B79-B1A22AACC137}.Debug|Any CPU.Build.0 = Debug|Any CPU
		{5548DCE0-7B76-4A2A-8B79-B1A22AACC137}.Release|Any CPU.ActiveCfg = Release|Any CPU
		{5548DCE0-7B76-4A2A-8B79-B1A22AACC137}.Release|Any CPU.Build.0 = Release|Any CPU
	EndGlobalSection
	GlobalSection(SolutionProperties) = preSolution
		HideSolutionNode = FALSE
	EndGlobalSection
	GlobalSection(ExtensibilityGlobals) = postSolution
		SolutionGuid = {DFB50D64-E36A-4436-964C-BB9D9AEFFF3B}
	EndGlobalSection
EndGlobal
